{
  "requires": true,
  "lockfileVersion": 1,
  "dependencies": {
    "@sentry/browser": {
      "version": "5.27.1",
      "resolved": "https://registry.npmjs.org/@sentry/browser/-/browser-5.27.1.tgz",
      "integrity": "sha512-OPBtKKJDgpJOJILaXntGp0z5KT2I1fmtePnHDdgPd7uNqXfTw0E6bvSjY9bR0pSJSooSwqZAAnsAZg8t4772ow==",
      "requires": {
        "@sentry/core": "5.27.1",
        "@sentry/types": "5.27.1",
        "@sentry/utils": "5.27.1",
        "tslib": "^1.9.3"
      }
    },
    "@sentry/core": {
      "version": "5.27.1",
      "resolved": "https://registry.npmjs.org/@sentry/core/-/core-5.27.1.tgz",
      "integrity": "sha512-n5CxzMbOAT6HZK4U4cOUAAikkRnnHhMNhInrjfZh7BoiuX1k63Hru2H5xk5WDuEaTTr5RaBA/fqPl7wxHySlwQ==",
      "requires": {
        "@sentry/hub": "5.27.1",
        "@sentry/minimal": "5.27.1",
        "@sentry/types": "5.27.1",
        "@sentry/utils": "5.27.1",
        "tslib": "^1.9.3"
      }
    },
    "@sentry/hub": {
      "version": "5.27.1",
      "resolved": "https://registry.npmjs.org/@sentry/hub/-/hub-5.27.1.tgz",
      "integrity": "sha512-RBHo3T92s6s4Ian1pZcPlmNtFqB+HAP6xitU+ZNA48bYUK+R1vvqEcI8Xs83FyNaRGCgclp9erDFQYyAuxY4vw==",
      "requires": {
        "@sentry/types": "5.27.1",
        "@sentry/utils": "5.27.1",
        "tslib": "^1.9.3"
      }
    },
    "@sentry/minimal": {
      "version": "5.27.1",
      "resolved": "https://registry.npmjs.org/@sentry/minimal/-/minimal-5.27.1.tgz",
      "integrity": "sha512-MHXCeJdA1NAvaJuippcM8nrWScul8iTN0Q5nnFkGctGIGmmiZHTXAYkObqJk7H3AK+CP7r1jqN2aQj5Nd9CtyA==",
      "requires": {
        "@sentry/hub": "5.27.1",
        "@sentry/types": "5.27.1",
        "tslib": "^1.9.3"
      }
    },
    "@sentry/react": {
      "version": "5.27.1",
      "resolved": "https://registry.npmjs.org/@sentry/react/-/react-5.27.1.tgz",
      "integrity": "sha512-iKJgF3ZfIbKC9pCTip+xnu7JYAYryDgobknj/NmT7nbfeSE2oJHFZYsMk+BzxxKaEFcYfMeJvtm3Ijq1Nm1Khw==",
      "requires": {
        "@sentry/browser": "5.27.1",
        "@sentry/minimal": "5.27.1",
        "@sentry/types": "5.27.1",
        "@sentry/utils": "5.27.1",
        "hoist-non-react-statics": "^3.3.2",
        "tslib": "^1.9.3"
      }
    },
    "@sentry/tracing": {
      "version": "5.27.1",
      "resolved": "https://registry.npmjs.org/@sentry/tracing/-/tracing-5.27.1.tgz",
      "integrity": "sha512-GBmdR8Ky/nv4KOa6+DEnOSBkFOFhM+asR8Y/gw2qSUWCwzKuWHh9BEnDwxtSI8CMvgUwOIZ5wiiqJGc1unYfCw==",
      "requires": {
        "@sentry/hub": "5.27.1",
        "@sentry/minimal": "5.27.1",
        "@sentry/types": "5.27.1",
        "@sentry/utils": "5.27.1",
        "tslib": "^1.9.3"
      }
    },
    "@sentry/types": {
      "version": "5.27.1",
      "resolved": "https://registry.npmjs.org/@sentry/types/-/types-5.27.1.tgz",
      "integrity": "sha512-g1aX0V0fz5BTo0mjgSVY9XmPLGZ6p+8OEzq3ubKzDUf59VHl+Vt8viZ8VXw/vsNtfAjBHn7BzSuzJo7cXJJBtA=="
    },
    "@sentry/utils": {
      "version": "5.27.1",
      "resolved": "https://registry.npmjs.org/@sentry/utils/-/utils-5.27.1.tgz",
      "integrity": "sha512-VIzK8utuvFO9EogZcKJPgmLnlJtYbaPQ0jCw7od9HRw1ckrSBc84sA0uuuY6pB6KSM+7k6EjJ5IdIBaCz5ep/A==",
      "requires": {
        "@sentry/types": "5.27.1",
        "tslib": "^1.9.3"
      }
    },
    "hoist-non-react-statics": {
      "version": "3.3.2",
      "resolved": "https://registry.npmjs.org/hoist-non-react-statics/-/hoist-non-react-statics-3.3.2.tgz",
      "integrity": "sha512-/gGivxi8JPKWNm/W0jSmzcMPpfpPLc3dY/6GxhX2hQ9iGj3aDfklV4ET7NjKpSinLpJ5vafa9iiGIEZg10SfBw==",
      "requires": {
        "react-is": "^16.7.0"
      }
    },
    "react-is": {
      "version": "16.13.1",
      "resolved": "https://registry.npmjs.org/react-is/-/react-is-16.13.1.tgz",
      "integrity": "sha512-24e6ynE2H+OKt4kqsOvNd8kBpV65zoxbA4BVsEOB3ARVWQki/DHzaUoC5KuON/BiccDaCCTZBuOcfZs70kR8bQ=="
    },
    "tslib": {
      "version": "1.14.1",
      "resolved": "https://registry.npmjs.org/tslib/-/tslib-1.14.1.tgz",
      "integrity": "sha512-Xni35NKzjgMrwevysHTCArtLDpPvye8zV/0E4EyYn43P7/7qvQwPh9BGkHewbMulVntbigmcT7rdX3BNo9wRJg=="
    }
  }
}
